
Microsoft Visual Studio Solution File, Format Version 12.00
# Visual Studio 15
VisualStudioVersion = 15.0.28307.489
MinimumVisualStudioVersion = 10.0.40219.1
Project("{FAE04EC0-301F-11D3-BF4B-00C04F79EFBC}") = "Add_Attraction", "Add_Attraction\Add_Attraction.csproj", "{DE328912-3227-4B2A-B351-8ED12C00FD33}"
EndProject
Global
	GlobalSection(SolutionConfigurationPlatforms) = preSolution
		Debug|Any CPU = Debug|Any CPU
		Release|Any CPU = Release|Any CPU
	EndGlobalSection
	GlobalSection(ProjectConfigurationPlatforms) = postSolution
		{DE328912-3227-4B2A-B351-8ED12C00FD33}.Debug|Any CPU.ActiveCfg = Debug|Any CPU
		{DE328912-3227-4B2A-B351-8ED12C00FD33}.Debug|Any CPU.Build.0 = Debug|Any CPU
		{DE328912-3227-4B2A-B351-8ED12C00FD33}.Release|Any CPU.ActiveCfg = Release|Any CPU
		{DE328912-3227-4B2A-B351-8ED12C00FD33}.Release|Any CPU.Build.0 = Release|Any CPU
	EndGlobalSection
	GlobalSection(SolutionProperties) = preSolution
		HideSolutionNode = FALSE
	EndGlobalSection
	GlobalSection(ExtensibilityGlobals) = postSolution
		SolutionGuid = {63DA983F-9DE5-40D7-8C68-32A5E872AED1}
	EndGlobalSection
EndGlobal
